
Microsoft Visual Studio Solution File, Format Version 12.00
# Visual Studio Version 16
VisualStudioVersion = 16.0.30503.244
MinimumVisualStudioVersion = 10.0.40219.1
Project("{FAE04EC0-301F-11D3-BF4B-00C04F79EFBC}") = "DOANLTHDT_1988216", "DOANLTHDT_1988216\DOANLTHDT_1988216.csproj", "{D944C52F-76F0-4F6F-8B87-F54C5810D1B4}"
EndProject
Global
	GlobalSection(SolutionConfigurationPlatforms) = preSolution
		Debug|Any CPU = Debug|Any CPU
		Release|Any CPU = Release|Any CPU
	EndGlobalSection
	GlobalSection(ProjectConfigurationPlatforms) = postSolution
		{D944C52F-76F0-4F6F-8B87-F54C5810D1B4}.Debug|Any CPU.ActiveCfg = Debug|Any CPU
		{D944C52F-76F0-4F6F-8B87-F54C5810D1B4}.Debug|Any CPU.Build.0 = Debug|Any CPU
		{D944C52F-76F0-4F6F-8B87-F54C5810D1B4}.Release|Any CPU.ActiveCfg = Release|Any CPU
		{D944C52F-76F0-4F6F-8B87-F54C5810D1B4}.Release|Any CPU.Build.0 = Release|Any CPU
	EndGlobalSection
	GlobalSection(SolutionProperties) = preSolution
		HideSolutionNode = FALSE
	EndGlobalSection
	GlobalSection(ExtensibilityGlobals) = postSolution
		SolutionGuid = {F4A81445-7E85-4ADF-8E0D-597D54208ED9}
	EndGlobalSection
EndGlobal
